
Microsoft Visual Studio Solution File, Format Version 11.00
# Visual Studio 2010
Project("{2150E333-8FDC-42A3-9474-1A3956D46DE8}") = "Property Sheets", "Property Sheets", "{10B3D1E5-4112-4901-8C8E-C1C14AB8CAEC}"
	ProjectSection(SolutionItems) = preProject
		..\coral-nadir.props = ..\coral-nadir.props
		coral-vcversion.props = coral-vcversion.props
		..\coral.props = ..\coral.props
	EndProjectSection
EndProject
Project("{2150E333-8FDC-42A3-9474-1A3956D46DE8}") = "app", "app", "{19A2468B-C1AE-4106-9133-767BD3051A8B}"
EndProject
Project("{2150E333-8FDC-42A3-9474-1A3956D46DE8}") = "lib", "lib", "{1AA1C7F5-D845-4E3B-90B7-49845B68A160}"
EndProject
Project("{8BC9CEB8-8B4A-11D0-8D11-00A0C91BC942}") = "libcoral", "libcoral\libcoral.vcxproj", "{5CD279E5-87BA-417C-84A4-B7285EFEEFAC}"
EndProject
Global
	GlobalSection(SolutionConfigurationPlatforms) = preSolution
		Debug|Win32 = Debug|Win32
		Debug|x64 = Debug|x64
		Release|Win32 = Release|Win32
		Release|x64 = Release|x64
	EndGlobalSection
	GlobalSection(ProjectConfigurationPlatforms) = postSolution
		{5CD279E5-87BA-417C-84A4-B7285EFEEFAC}.Debug|Win32.ActiveCfg = Debug|Win32
		{5CD279E5-87BA-417C-84A4-B7285EFEEFAC}.Debug|Win32.Build.0 = Debug|Win32
		{5CD279E5-87BA-417C-84A4-B7285EFEEFAC}.Debug|x64.ActiveCfg = Debug|x64
		{5CD279E5-87BA-417C-84A4-B7285EFEEFAC}.Debug|x64.Build.0 = Debug|x64
		{5CD279E5-87BA-417C-84A4-B7285EFEEFAC}.Release|Win32.ActiveCfg = Release|Win32
		{5CD279E5-87BA-417C-84A4-B7285EFEEFAC}.Release|Win32.Build.0 = Release|Win32
		{5CD279E5-87BA-417C-84A4-B7285EFEEFAC}.Release|x64.ActiveCfg = Release|x64
		{5CD279E5-87BA-417C-84A4-B7285EFEEFAC}.Release|x64.Build.0 = Release|x64
	EndGlobalSection
	GlobalSection(SolutionProperties) = preSolution
		HideSolutionNode = FALSE
	EndGlobalSection
	GlobalSection(NestedProjects) = preSolution
		{5CD279E5-87BA-417C-84A4-B7285EFEEFAC} = {1AA1C7F5-D845-4E3B-90B7-49845B68A160}
	EndGlobalSection
EndGlobal
